{
  "nodes": {
    "nixpkgs": {
      "locked": {
        "lastModified": 1756886854,
        "narHash": "sha256-6tooT142NLcFjt24Gi4B0G1pgWLvfw7y93sYEfSHlLI=",
        "owner": "NixOS",
        "repo": "nixpkgs",
        "rev": "0e6684e6c5755325f801bda1751a8a4038145d7d",
        "type": "github"
      },
      "original": {
        "owner": "NixOS",
        "ref": "nixos-25.05",
        "repo": "nixpkgs",
        "type": "github"
      }
    },
    "root": {
      "inputs": {
        "nixpkgs": "nixpkgs",
        "steam-fetcher": "steam-fetcher"
      }
    },
    "steam-fetcher": {
      "inputs": {
        "nixpkgs": [
          "nixpkgs"
        ]
      },
      "locked": {
        "lastModified": 1756972885,
        "narHash": "sha256-c4yViaSs6OJcAc2giQ0MmGaA0SnzTLg4wDJJG/C3QHQ=",
        "owner": "hamburger1984",
        "repo": "steam-fetcher",
        "rev": "de849606bc2a2aa57f9204fbb22847da5341fe30",
        "type": "github"
      },
      "original": {
        "owner": "hamburger1984",
        "ref": "beta",
        "repo": "steam-fetcher",
        "type": "github"
      }
    }
  },
  "root": "root",
  "version": 7
}
