{
  "nodes": {
    "nixpkgs": {
      "locked": {
        "lastModified": 1756886854,
        "narHash": "sha256-6tooT142NLcFjt24Gi4B0G1pgWLvfw7y93sYEfSHlLI=",
        "owner": "NixOS",
        "repo": "nixpkgs",
        "rev": "0e6684e6c5755325f801bda1751a8a4038145d7d",
        "type": "github"
      },
      "original": {
        "owner": "NixOS",
        "ref": "nixos-25.05",
        "repo": "nixpkgs",
        "type": "github"
      }
    },
    "root": {
      "inputs": {
        "nixpkgs": "nixpkgs",
        "steam-fetcher": "steam-fetcher"
      }
    },
    "steam-fetcher": {
      "inputs": {
        "nixpkgs": [
          "nixpkgs"
        ]
      },
      "locked": {
        "lastModified": 1756972340,
        "narHash": "sha256-gYhvMT2tC0W96jMsHuJ/28VRhVX5WFbd6rcdYn2QtlU=",
        "owner": "hamburger1984",
        "repo": "steam-fetcher",
        "rev": "a8d46444f1b6a56b6df54e4097c20486ada4eb22",
        "type": "github"
      },
      "original": {
        "owner": "hamburger1984",
        "ref": "beta",
        "repo": "steam-fetcher",
        "type": "github"
      }
    }
  },
  "root": "root",
  "version": 7
}
